
Microsoft Visual Studio Solution File, Format Version 12.00
# Visual Studio Version 16
VisualStudioVersion = 16.0.29519.87
MinimumVisualStudioVersion = 10.0.40219.1
Project("{FAE04EC0-301F-11D3-BF4B-00C04F79EFBC}") = "FarmData.Android", "FarmData\FarmData.Android\FarmData.Android.csproj", "{89706EE7-4363-42BD-9EB1-73D75CBC0569}"
EndProject
Project("{FAE04EC0-301F-11D3-BF4B-00C04F79EFBC}") = "FarmData.iOS", "FarmData\FarmData.iOS\FarmData.iOS.csproj", "{0AA68A02-E175-45DF-B863-10FEF4E092E1}"
EndProject
Project("{FAE04EC0-301F-11D3-BF4B-00C04F79EFBC}") = "FarmData", "FarmData\FarmData\FarmData.csproj", "{8144BD7E-2818-4F29-9B04-045D3D5AF661}"
EndProject
Global
	GlobalSection(SolutionConfigurationPlatforms) = preSolution
		Debug|Any CPU = Debug|Any CPU
		Debug|iPhone = Debug|iPhone
		Debug|iPhoneSimulator = Debug|iPhoneSimulator
		Release|Any CPU = Release|Any CPU
		Release|iPhone = Release|iPhone
		Release|iPhoneSimulator = Release|iPhoneSimulator
	EndGlobalSection
	GlobalSection(ProjectConfigurationPlatforms) = postSolution
		{89706EE7-4363-42BD-9EB1-73D75CBC0569}.Debug|Any CPU.ActiveCfg = Debug|Any CPU
		{89706EE7-4363-42BD-9EB1-73D75CBC0569}.Debug|Any CPU.Build.0 = Debug|Any CPU
		{89706EE7-4363-42BD-9EB1-73D75CBC0569}.Debug|Any CPU.Deploy.0 = Debug|Any CPU
		{89706EE7-4363-42BD-9EB1-73D75CBC0569}.Debug|iPhone.ActiveCfg = Debug|Any CPU
		{89706EE7-4363-42BD-9EB1-73D75CBC0569}.Debug|iPhone.Build.0 = Debug|Any CPU
		{89706EE7-4363-42BD-9EB1-73D75CBC0569}.Debug|iPhone.Deploy.0 = Debug|Any CPU
		{89706EE7-4363-42BD-9EB1-73D75CBC0569}.Debug|iPhoneSimulator.ActiveCfg = Debug|Any CPU
		{89706EE7-4363-42BD-9EB1-73D75CBC0569}.Debug|iPhoneSimulator.Build.0 = Debug|Any CPU
		{89706EE7-4363-42BD-9EB1-73D75CBC0569}.Debug|iPhoneSimulator.Deploy.0 = Debug|Any CPU
		{89706EE7-4363-42BD-9EB1-73D75CBC0569}.Release|Any CPU.ActiveCfg = Release|Any CPU
		{89706EE7-4363-42BD-9EB1-73D75CBC0569}.Release|Any CPU.Build.0 = Release|Any CPU
		{89706EE7-4363-42BD-9EB1-73D75CBC0569}.Release|Any CPU.Deploy.0 = Release|Any CPU
		{89706EE7-4363-42BD-9EB1-73D75CBC0569}.Release|iPhone.ActiveCfg = Release|Any CPU
		{89706EE7-4363-42BD-9EB1-73D75CBC0569}.Release|iPhone.Build.0 = Release|Any CPU
		{89706EE7-4363-42BD-9EB1-73D75CBC0569}.Release|iPhone.Deploy.0 = Release|Any CPU
		{89706EE7-4363-42BD-9EB1-73D75CBC0569}.Release|iPhoneSimulator.ActiveCfg = Release|Any CPU
		{89706EE7-4363-42BD-9EB1-73D75CBC0569}.Release|iPhoneSimulator.Build.0 = Release|Any CPU
		{89706EE7-4363-42BD-9EB1-73D75CBC0569}.Release|iPhoneSimulator.Deploy.0 = Release|Any CPU
		{0AA68A02-E175-45DF-B863-10FEF4E092E1}.Debug|Any CPU.ActiveCfg = Debug|iPhoneSimulator
		{0AA68A02-E175-45DF-B863-10FEF4E092E1}.Debug|Any CPU.Build.0 = Debug|iPhoneSimulator
		{0AA68A02-E175-45DF-B863-10FEF4E092E1}.Debug|Any CPU.Deploy.0 = Debug|iPhoneSimulator
		{0AA68A02-E175-45DF-B863-10FEF4E092E1}.Debug|iPhone.ActiveCfg = Debug|iPhone
		{0AA68A02-E175-45DF-B863-10FEF4E092E1}.Debug|iPhone.Build.0 = Debug|iPhone
		{0AA68A02-E175-45DF-B863-10FEF4E092E1}.Debug|iPhone.Deploy.0 = Debug|iPhone
		{0AA68A02-E175-45DF-B863-10FEF4E092E1}.Debug|iPhoneSimulator.ActiveCfg = Debug|iPhoneSimulator
		{0AA68A02-E175-45DF-B863-10FEF4E092E1}.Debug|iPhoneSimulator.Build.0 = Debug|iPhoneSimulator
		{0AA68A02-E175-45DF-B863-10FEF4E092E1}.Debug|iPhoneSimulator.Deploy.0 = Debug|iPhoneSimulator
		{0AA68A02-E175-45DF-B863-10FEF4E092E1}.Release|Any CPU.ActiveCfg = Release|iPhone
		{0AA68A02-E175-45DF-B863-10FEF4E092E1}.Release|Any CPU.Build.0 = Release|iPhone
		{0AA68A02-E175-45DF-B863-10FEF4E092E1}.Release|Any CPU.Deploy.0 = Release|iPhone
		{0AA68A02-E175-45DF-B863-10FEF4E092E1}.Release|iPhone.ActiveCfg = Release|iPhone
		{0AA68A02-E175-45DF-B863-10FEF4E092E1}.Release|iPhone.Build.0 = Release|iPhone
		{0AA68A02-E175-45DF-B863-10FEF4E092E1}.Release|iPhone.Deploy.0 = Release|iPhone
		{0AA68A02-E175-45DF-B863-10FEF4E092E1}.Release|iPhoneSimulator.ActiveCfg = Release|iPhoneSimulator
		{0AA68A02-E175-45DF-B863-10FEF4E092E1}.Release|iPhoneSimulator.Build.0 = Release|iPhoneSimulator
		{0AA68A02-E175-45DF-B863-10FEF4E092E1}.Release|iPhoneSimulator.Deploy.0 = Release|iPhoneSimulator
		{8144BD7E-2818-4F29-9B04-045D3D5AF661}.Debug|Any CPU.ActiveCfg = Debug|Any CPU
		{8144BD7E-2818-4F29-9B04-045D3D5AF661}.Debug|Any CPU.Build.0 = Debug|Any CPU
		{8144BD7E-2818-4F29-9B04-045D3D5AF661}.Debug|Any CPU.Deploy.0 = Debug|Any CPU
		{8144BD7E-2818-4F29-9B04-045D3D5AF661}.Debug|iPhone.ActiveCfg = Debug|Any CPU
		{8144BD7E-2818-4F29-9B04-045D3D5AF661}.Debug|iPhone.Build.0 = Debug|Any CPU
		{8144BD7E-2818-4F29-9B04-045D3D5AF661}.Debug|iPhone.Deploy.0 = Debug|Any CPU
		{8144BD7E-2818-4F29-9B04-045D3D5AF661}.Debug|iPhoneSimulator.ActiveCfg = Debug|Any CPU
		{8144BD7E-2818-4F29-9B04-045D3D5AF661}.Debug|iPhoneSimulator.Build.0 = Debug|Any CPU
		{8144BD7E-2818-4F29-9B04-045D3D5AF661}.Debug|iPhoneSimulator.Deploy.0 = Debug|Any CPU
		{8144BD7E-2818-4F29-9B04-045D3D5AF661}.Release|Any CPU.ActiveCfg = Release|Any CPU
		{8144BD7E-2818-4F29-9B04-045D3D5AF661}.Release|Any CPU.Build.0 = Release|Any CPU
		{8144BD7E-2818-4F29-9B04-045D3D5AF661}.Release|Any CPU.Deploy.0 = Release|Any CPU
		{8144BD7E-2818-4F29-9B04-045D3D5AF661}.Release|iPhone.ActiveCfg = Release|Any CPU
		{8144BD7E-2818-4F29-9B04-045D3D5AF661}.Release|iPhone.Build.0 = Release|Any CPU
		{8144BD7E-2818-4F29-9B04-045D3D5AF661}.Release|iPhone.Deploy.0 = Release|Any CPU
		{8144BD7E-2818-4F29-9B04-045D3D5AF661}.Release|iPhoneSimulator.ActiveCfg = Release|Any CPU
		{8144BD7E-2818-4F29-9B04-045D3D5AF661}.Release|iPhoneSimulator.Build.0 = Release|Any CPU
		{8144BD7E-2818-4F29-9B04-045D3D5AF661}.Release|iPhoneSimulator.Deploy.0 = Release|Any CPU
	EndGlobalSection
	GlobalSection(SolutionProperties) = preSolution
		HideSolutionNode = FALSE
	EndGlobalSection
	GlobalSection(ExtensibilityGlobals) = postSolution
		SolutionGuid = {4CD90E13-BAFD-4316-AD0D-82524EE6C2C4}
	EndGlobalSection
EndGlobal
